
Microsoft Visual Studio Solution File, Format Version 12.00
# Visual Studio Version 17
VisualStudioVersion = 17.2.32602.215
MinimumVisualStudioVersion = 10.0.40219.1
Project("{FAE04EC0-301F-11D3-BF4B-00C04F79EFBC}") = "ViewInventory", "ViewInventory.csproj", "{89095CDC-FCB1-4AF1-B26A-8EBE5CA5D515}"
EndProject
Global
	GlobalSection(SolutionConfigurationPlatforms) = preSolution
		Debug|Any CPU = Debug|Any CPU
		Release|Any CPU = Release|Any CPU
	EndGlobalSection
	GlobalSection(ProjectConfigurationPlatforms) = postSolution
		{89095CDC-FCB1-4AF1-B26A-8EBE5CA5D515}.Debug|Any CPU.ActiveCfg = Debug|Any CPU
		{89095CDC-FCB1-4AF1-B26A-8EBE5CA5D515}.Debug|Any CPU.Build.0 = Debug|Any CPU
		{89095CDC-FCB1-4AF1-B26A-8EBE5CA5D515}.Release|Any CPU.ActiveCfg = Release|Any CPU
		{89095CDC-FCB1-4AF1-B26A-8EBE5CA5D515}.Release|Any CPU.Build.0 = Release|Any CPU
	EndGlobalSection
	GlobalSection(SolutionProperties) = preSolution
		HideSolutionNode = FALSE
	EndGlobalSection
	GlobalSection(ExtensibilityGlobals) = postSolution
		SolutionGuid = {59FC0D2D-5177-474C-ADA9-6A704211EC2C}
	EndGlobalSection
EndGlobal
